// !$*UTF8*$!
{
	archiveVersion = 1;
	classes = {
	};
	objectVersion = 48;
	objects = {

/* Begin PBXBuildFile section */
		4EA8EA8320889A8D00C59E74 /* AppDelegate.swift in Sources */ = {isa = PBXBuildFile; fileRef = 4EA8EA8220889A8D00C59E74 /* AppDelegate.swift */; };
		4EA8EA8520889A8D00C59E74 /* ViewController.swift in Sources */ = {isa = PBXBuildFile; fileRef = 4EA8EA8420889A8D00C59E74 /* ViewController.swift */; };
		4EA8EA8820889A8D00C59E74 /* Main.storyboard in Resources */ = {isa = PBXBuildFile; fileRef = 4EA8EA8620889A8D00C59E74 /* Main.storyboard */; };
		4EA8EA8B20889A8D00C59E74 /* UIPickerView.xcdatamodeld in Sources */ = {isa = PBXBuildFile; fileRef = 4EA8EA8920889A8D00C59E74 /* UIPickerView.xcdatamodeld */; };
		4EA8EA8D20889A8D00C59E74 /* Assets.xcassets in Resources */ = {isa = PBXBuildFile; fileRef = 4EA8EA8C20889A8D00C59E74 /* Assets.xcassets */; };
		4EA8EA9020889A8D00C59E74 /* LaunchScreen.storyboard in Resources */ = {isa = PBXBuildFile; fileRef = 4EA8EA8E20889A8D00C59E74 /* LaunchScreen.storyboard */; };
		4EA8EA9B20889A8D00C59E74 /* UIPickerViewTests.swift in Sources */ = {isa = PBXBuildFile; fileRef = 4EA8EA9A20889A8D00C59E74 /* UIPickerViewTests.swift */; };
		4EA8EAA620889A8D00C59E74 /* UIPickerViewUITests.swift in Sources */ = {isa = PBXBuildFile; fileRef = 4EA8EAA520889A8D00C59E74 /* UIPickerViewUITests.swift */; };
/* End PBXBuildFile section */

/* Begin PBXContainerItemProxy section */
		4EA8EA9720889A8D00C59E74 /* PBXContainerItemProxy */ = {
			isa = PBXContainerItemProxy;
			containerPortal = 4EA8EA7720889A8D00C59E74 /* Project object */;
			proxyType = 1;
			remoteGlobalIDString = 4EA8EA7E20889A8D00C59E74;
			remoteInfo = UIPickerView;
		};
		4EA8EAA220889A8D00C59E74 /* PBXContainerItemProxy */ = {
			isa = PBXContainerItemProxy;
			containerPortal = 4EA8EA7720889A8D00C59E74 /* Project object */;
			proxyType = 1;
			remoteGlobalIDString = 4EA8EA7E20889A8D00C59E74;
			remoteInfo = UIPickerView;
		};
/* End PBXContainerItemProxy section */

/* Begin PBXFileReference section */
		4EA8EA7F20889A8D00C59E74 /* UIPickerView.app */ = {isa = PBXFileReference; explicitFileType = wrapper.application; includeInIndex = 0; path = UIPickerView.app; sourceTree = BUILT_PRODUCTS_DIR; };
		4EA8EA8220889A8D00C59E74 /* AppDelegate.swift */ = {isa = PBXFileReference; lastKnownFileType = sourcecode.swift; path = AppDelegate.swift; sourceTree = "<group>"; };
		4EA8EA8420889A8D00C59E74 /* ViewController.swift */ = {isa = PBXFileReference; lastKnownFileType = sourcecode.swift; path = ViewController.swift; sourceTree = "<group>"; };
		4EA8EA8720889A8D00C59E74 /* Base */ = {isa = PBXFileReference; lastKnownFileType = file.storyboard; name = Base; path = Base.lproj/Main.storyboard; sourceTree = "<group>"; };
		4EA8EA8A20889A8D00C59E74 /* UIPickerView.xcdatamodel */ = {isa = PBXFileReference; lastKnownFileType = wrapper.xcdatamodel; path = UIPickerView.xcdatamodel; sourceTree = "<group>"; };
		4EA8EA8C20889A8D00C59E74 /* Assets.xcassets */ = {isa = PBXFileReference; lastKnownFileType = folder.assetcatalog; path = Assets.xcassets; sourceTree = "<group>"; };
		4EA8EA8F20889A8D00C59E74 /* Base */ = {isa = PBXFileReference; lastKnownFileType = file.storyboard; name = Base; path = Base.lproj/LaunchScreen.storyboard; sourceTree = "<group>"; };
		4EA8EA9120889A8D00C59E74 /* Info.plist */ = {isa = PBXFileReference; lastKnownFileType = text.plist.xml; path = Info.plist; sourceTree = "<group>"; };
		4EA8EA9620889A8D00C59E74 /* UIPickerViewTests.xctest */ = {isa = PBXFileReference; explicitFileType = wrapper.cfbundle; includeInIndex = 0; path = UIPickerViewTests.xctest; sourceTree = BUILT_PRODUCTS_DIR; };
		4EA8EA9A20889A8D00C59E74 /* UIPickerViewTests.swift */ = {isa = PBXFileReference; lastKnownFileType = sourcecode.swift; path = UIPickerViewTests.swift; sourceTree = "<group>"; };
		4EA8EA9C20889A8D00C59E74 /* Info.plist */ = {isa = PBXFileReference; lastKnownFileType = text.plist.xml; path = Info.plist; sourceTree = "<group>"; };
		4EA8EAA120889A8D00C59E74 /* UIPickerViewUITests.xctest */ = {isa = PBXFileReference; explicitFileType = wrapper.cfbundle; includeInIndex = 0; path = UIPickerViewUITests.xctest; sourceTree = BUILT_PRODUCTS_DIR; };
		4EA8EAA520889A8D00C59E74 /* UIPickerViewUITests.swift */ = {isa = PBXFileReference; lastKnownFileType = sourcecode.swift; path = UIPickerViewUITests.swift; sourceTree = "<group>"; };
		4EA8EAA720889A8D00C59E74 /* Info.plist */ = {isa = PBXFileReference; lastKnownFileType = text.plist.xml; path = Info.plist; sourceTree = "<group>"; };
/* End PBXFileReference section */

/* Begin PBXFrameworksBuildPhase section */
		4EA8EA7C20889A8D00C59E74 /* Frameworks */ = {
			isa = PBXFrameworksBuildPhase;
			buildActionMask = 2147483647;
			files = (
			);
			runOnlyForDeploymentPostprocessing = 0;
		};
		4EA8EA9320889A8D00C59E74 /* Frameworks */ = {
			isa = PBXFrameworksBuildPhase;
			buildActionMask = 2147483647;
			files = (
			);
			runOnlyForDeploymentPostprocessing = 0;
		};
		4EA8EA9E20889A8D00C59E74 /* Frameworks */ = {
			isa = PBXFrameworksBuildPhase;
			buildActionMask = 2147483647;
			files = (
			);
			runOnlyForDeploymentPostprocessing = 0;
		};
/* End PBXFrameworksBuildPhase section */

/* Begin PBXGroup section */
		4EA8EA7620889A8D00C59E74 = {
			isa = PBXGroup;
			children = (
				4EA8EA8120889A8D00C59E74 /* UIPickerView */,
				4EA8EA9920889A8D00C59E74 /* UIPickerViewTests */,
				4EA8EAA420889A8D00C59E74 /* UIPickerViewUITests */,
				4EA8EA8020889A8D00C59E74 /* Products */,
			);
			sourceTree = "<group>";
		};
		4EA8EA8020889A8D00C59E74 /* Products */ = {
			isa = PBXGroup;
			children = (
				4EA8EA7F20889A8D00C59E74 /* UIPickerView.app */,
				4EA8EA9620889A8D00C59E74 /* UIPickerViewTests.xctest */,
				4EA8EAA120889A8D00C59E74 /* UIPickerViewUITests.xctest */,
			);
			name = Products;
			sourceTree = "<group>";
		};
		4EA8EA8120889A8D00C59E74 /* UIPickerView */ = {
			isa = PBXGroup;
			children = (
				4EA8EA8220889A8D00C59E74 /* AppDelegate.swift */,
				4EA8EA8420889A8D00C59E74 /* ViewController.swift */,
				4EA8EA8620889A8D00C59E74 /* Main.storyboard */,
				4EA8EA8C20889A8D00C59E74 /* Assets.xcassets */,
				4EA8EA8E20889A8D00C59E74 /* LaunchScreen.storyboard */,
				4EA8EA9120889A8D00C59E74 /* Info.plist */,
				4EA8EA8920889A8D00C59E74 /* UIPickerView.xcdatamodeld */,
			);
			path = UIPickerView;
			sourceTree = "<group>";
		};
		4EA8EA9920889A8D00C59E74 /* UIPickerViewTests */ = {
			isa = PBXGroup;
			children = (
				4EA8EA9A20889A8D00C59E74 /* UIPickerViewTests.swift */,
				4EA8EA9C20889A8D00C59E74 /* Info.plist */,
			);
			path = UIPickerViewTests;
			sourceTree = "<group>";
		};
		4EA8EAA420889A8D00C59E74 /* UIPickerViewUITests */ = {
			isa = PBXGroup;
			children = (
				4EA8EAA520889A8D00C59E74 /* UIPickerViewUITests.swift */,
				4EA8EAA720889A8D00C59E74 /* Info.plist */,
			);
			path = UIPickerViewUITests;
			sourceTree = "<group>";
		};
/* End PBXGroup section */

/* Begin PBXNativeTarget section */
		4EA8EA7E20889A8D00C59E74 /* UIPickerView */ = {
			isa = PBXNativeTarget;
			buildConfigurationList = 4EA8EAAA20889A8D00C59E74 /* Build configuration list for PBXNativeTarget "UIPickerView" */;
			buildPhases = (
				4EA8EA7B20889A8D00C59E74 /* Sources */,
				4EA8EA7C20889A8D00C59E74 /* Frameworks */,
				4EA8EA7D20889A8D00C59E74 /* Resources */,
			);
			buildRules = (
			);
			dependencies = (
			);
			name = UIPickerView;
			productName = UIPickerView;
			productReference = 4EA8EA7F20889A8D00C59E74 /* UIPickerView.app */;
			productType = "com.apple.product-type.application";
		};
		4EA8EA9520889A8D00C59E74 /* UIPickerViewTests */ = {
			isa = PBXNativeTarget;
			buildConfigurationList = 4EA8EAAD20889A8D00C59E74 /* Build configuration list for PBXNativeTarget "UIPickerViewTests" */;
			buildPhases = (
				4EA8EA9220889A8D00C59E74 /* Sources */,
				4EA8EA9320889A8D00C59E74 /* Frameworks */,
				4EA8EA9420889A8D00C59E74 /* Resources */,
			);
			buildRules = (
			);
			dependencies = (
				4EA8EA9820889A8D00C59E74 /* PBXTargetDependency */,
			);
			name = UIPickerViewTests;
			productName = UIPickerViewTests;
			productReference = 4EA8EA9620889A8D00C59E74 /* UIPickerViewTests.xctest */;
			productType = "com.apple.product-type.bundle.unit-test";
		};
		4EA8EAA020889A8D00C59E74 /* UIPickerViewUITests */ = {
			isa = PBXNativeTarget;
			buildConfigurationList = 4EA8EAB020889A8D00C59E74 /* Build configuration list for PBXNativeTarget "UIPickerViewUITests" */;
			buildPhases = (
				4EA8EA9D20889A8D00C59E74 /* Sources */,
				4EA8EA9E20889A8D00C59E74 /* Frameworks */,
				4EA8EA9F20889A8D00C59E74 /* Resources */,
			);
			buildRules = (
			);
			dependencies = (
				4EA8EAA320889A8D00C59E74 /* PBXTargetDependency */,
			);
			name = UIPickerViewUITests;
			productName = UIPickerViewUITests;
			productReference = 4EA8EAA120889A8D00C59E74 /* UIPickerViewUITests.xctest */;
			productType = "com.apple.product-type.bundle.ui-testing";
		};
/* End PBXNativeTarget section */

/* Begin PBXProject section */
		4EA8EA7720889A8D00C59E74 /* Project object */ = {
			isa = PBXProject;
			attributes = {
				LastSwiftUpdateCheck = 0920;
				LastUpgradeCheck = 0920;
				ORGANIZATIONNAME = dit2;
				TargetAttributes = {
					4EA8EA7E20889A8D00C59E74 = {
						CreatedOnToolsVersion = 9.2;
						ProvisioningStyle = Automatic;
					};
					4EA8EA9520889A8D00C59E74 = {
						CreatedOnToolsVersion = 9.2;
						ProvisioningStyle = Automatic;
						TestTargetID = 4EA8EA7E20889A8D00C59E74;
					};
					4EA8EAA020889A8D00C59E74 = {
						CreatedOnToolsVersion = 9.2;
						ProvisioningStyle = Automatic;
						TestTargetID = 4EA8EA7E20889A8D00C59E74;
					};
				};
			};
			buildConfigurationList = 4EA8EA7A20889A8D00C59E74 /* Build configuration list for PBXProject "UIPickerView" */;
			compatibilityVersion = "Xcode 8.0";
			developmentRegion = en;
			hasScannedForEncodings = 0;
			knownRegions = (
				en,
				Base,
			);
			mainGroup = 4EA8EA7620889A8D00C59E74;
			productRefGroup = 4EA8EA8020889A8D00C59E74 /* Products */;
			projectDirPath = "";
			projectRoot = "";
			targets = (
				4EA8EA7E20889A8D00C59E74 /* UIPickerView */,
				4EA8EA9520889A8D00C59E74 /* UIPickerViewTests */,
				4EA8EAA020889A8D00C59E74 /* UIPickerViewUITests */,
			);
		};
/* End PBXProject section */

/* Begin PBXResourcesBuildPhase section */
		4EA8EA7D20889A8D00C59E74 /* Resources */ = {
			isa = PBXResourcesBuildPhase;
			buildActionMask = 2147483647;
			files = (
				4EA8EA9020889A8D00C59E74 /* LaunchScreen.storyboard in Resources */,
				4EA8EA8D20889A8D00C59E74 /* Assets.xcassets in Resources */,
				4EA8EA8820889A8D00C59E74 /* Main.storyboard in Resources */,
			);
			runOnlyForDeploymentPostprocessing = 0;
		};
		4EA8EA9420889A8D00C59E74 /* Resources */ = {
			isa = PBXResourcesBuildPhase;
			buildActionMask = 2147483647;
			files = (
			);
			runOnlyForDeploymentPostprocessing = 0;
		};
		4EA8EA9F20889A8D00C59E74 /* Resources */ = {
			isa = PBXResourcesBuildPhase;
			buildActionMask = 2147483647;
			files = (
			);
			runOnlyForDeploymentPostprocessing = 0;
		};
/* End PBXResourcesBuildPhase section */

/* Begin PBXSourcesBuildPhase section */
		4EA8EA7B20889A8D00C59E74 /* Sources */ = {
			isa = PBXSourcesBuildPhase;
			buildActionMask = 2147483647;
			files = (
				4EA8EA8520889A8D00C59E74 /* ViewController.swift in Sources */,
				4EA8EA8320889A8D00C59E74 /* AppDelegate.swift in Sources */,
				4EA8EA8B20889A8D00C59E74 /* UIPickerView.xcdatamodeld in Sources */,
			);
			runOnlyForDeploymentPostprocessing = 0;
		};
		4EA8EA9220889A8D00C59E74 /* Sources */ = {
			isa = PBXSourcesBuildPhase;
			buildActionMask = 2147483647;
			files = (
				4EA8EA9B20889A8D00C59E74 /* UIPickerViewTests.swift in Sources */,
			);
			runOnlyForDeploymentPostprocessing = 0;
		};
		4EA8EA9D20889A8D00C59E74 /* Sources */ = {
			isa = PBXSourcesBuildPhase;
			buildActionMask = 2147483647;
			files = (
				4EA8EAA620889A8D00C59E74 /* UIPickerViewUITests.swift in Sources */,
			);
			runOnlyForDeploymentPostprocessing = 0;
		};
/* End PBXSourcesBuildPhase section */

/* Begin PBXTargetDependency section */
		4EA8EA9820889A8D00C59E74 /* PBXTargetDependency */ = {
			isa = PBXTargetDependency;
			target = 4EA8EA7E20889A8D00C59E74 /* UIPickerView */;
			targetProxy = 4EA8EA9720889A8D00C59E74 /* PBXContainerItemProxy */;
		};
		4EA8EAA320889A8D00C59E74 /* PBXTargetDependency */ = {
			isa = PBXTargetDependency;
			target = 4EA8EA7E20889A8D00C59E74 /* UIPickerView */;
			targetProxy = 4EA8EAA220889A8D00C59E74 /* PBXContainerItemProxy */;
		};
/* End PBXTargetDependency section */

/* Begin PBXVariantGroup section */
		4EA8EA8620889A8D00C59E74 /* Main.storyboard */ = {
			isa = PBXVariantGroup;
			children = (
				4EA8EA8720889A8D00C59E74 /* Base */,
			);
			name = Main.storyboard;
			sourceTree = "<group>";
		};
		4EA8EA8E20889A8D00C59E74 /* LaunchScreen.storyboard */ = {
			isa = PBXVariantGroup;
			children = (
				4EA8EA8F20889A8D00C59E74 /* Base */,
			);
			name = LaunchScreen.storyboard;
			sourceTree = "<group>";
		};
/* End PBXVariantGroup section */

/* Begin XCBuildConfiguration section */
		4EA8EAA820889A8D00C59E74 /* Debug */ = {
			isa = XCBuildConfiguration;
			buildSettings = {
				ALWAYS_SEARCH_USER_PATHS = NO;
				CLANG_ANALYZER_NONNULL = YES;
				CLANG_ANALYZER_NUMBER_OBJECT_CONVERSION = YES_AGGRESSIVE;
				CLANG_CXX_LANGUAGE_STANDARD = "gnu++14";
				CLANG_CXX_LIBRARY = "libc++";
				CLANG_ENABLE_MODULES = YES;
				CLANG_ENABLE_OBJC_ARC = YES;
				CLANG_WARN_BLOCK_CAPTURE_AUTORELEASING = YES;
				CLANG_WARN_BOOL_CONVERSION = YES;
				CLANG_WARN_COMMA = YES;
				CLANG_WARN_CONSTANT_CONVERSION = YES;
				CLANG_WARN_DIRECT_OBJC_ISA_USAGE = YES_ERROR;
				CLANG_WARN_DOCUMENTATION_COMMENTS = YES;
				CLANG_WARN_EMPTY_BODY = YES;
				CLANG_WARN_ENUM_CONVERSION = YES;
				CLANG_WARN_INFINITE_RECURSION = YES;
				CLANG_WARN_INT_CONVERSION = YES;
				CLANG_WARN_NON_LITERAL_NULL_CONVERSION = YES;
				CLANG_WARN_OBJC_LITERAL_CONVERSION = YES;
				CLANG_WARN_OBJC_ROOT_CLASS = YES_ERROR;
				CLANG_WARN_RANGE_LOOP_ANALYSIS = YES;
				CLANG_WARN_STRICT_PROTOTYPES = YES;
				CLANG_WARN_SUSPICIOUS_MOVE = YES;
				CLANG_WARN_UNGUARDED_AVAILABILITY = YES_AGGRESSIVE;
				CLANG_WARN_UNREACHABLE_CODE = YES;
				CLANG_WARN__DUPLICATE_METHOD_MATCH = YES;
				CODE_SIGN_IDENTITY = "iPhone Developer";
				COPY_PHASE_STRIP = NO;
				DEBUG_INFORMATION_FORMAT = dwarf;
				ENABLE_STRICT_OBJC_MSGSEND = YES;
				ENABLE_TESTABILITY = YES;
				GCC_C_LANGUAGE_STANDARD = gnu11;
				GCC_DYNAMIC_NO_PIC = NO;
				GCC_NO_COMMON_BLOCKS = YES;
				GCC_OPTIMIZATION_LEVEL = 0;
				GCC_PREPROCESSOR_DEFINITIONS = (
					"DEBUG=1",
					"$(inherited)",
				);
				GCC_WARN_64_TO_32_BIT_CONVERSION = YES;
				GCC_WARN_ABOUT_RETURN_TYPE = YES_ERROR;
				GCC_WARN_UNDECLARED_SELECTOR = YES;
				GCC_WARN_UNINITIALIZED_AUTOS = YES_AGGRESSIVE;
				GCC_WARN_UNUSED_FUNCTION = YES;
				GCC_WARN_UNUSED_VARIABLE = YES;
				IPHONEOS_DEPLOYMENT_TARGET = 11.2;
				MTL_ENABLE_DEBUG_INFO = YES;
				ONLY_ACTIVE_ARCH = YES;
				SDKROOT = iphoneos;
				SWIFT_ACTIVE_COMPILATION_CONDITIONS = DEBUG;
				SWIFT_OPTIMIZATION_LEVEL = "-Onone";
			};
			name = Debug;
		};
		4EA8EAA920889A8D00C59E74 /* Release */ = {
			isa = XCBuildConfiguration;
			buildSettings = {
				ALWAYS_SEARCH_USER_PATHS = NO;
				CLANG_ANALYZER_NONNULL = YES;
				CLANG_ANALYZER_NUMBER_OBJECT_CONVERSION = YES_AGGRESSIVE;
				CLANG_CXX_LANGUAGE_STANDARD = "gnu++14";
				CLANG_CXX_LIBRARY = "libc++";
				CLANG_ENABLE_MODULES = YES;
				CLANG_ENABLE_OBJC_ARC = YES;
				CLANG_WARN_BLOCK_CAPTURE_AUTORELEASING = YES;
				CLANG_WARN_BOOL_CONVERSION = YES;
				CLANG_WARN_COMMA = YES;
				CLANG_WARN_CONSTANT_CONVERSION = YES;
				CLANG_WARN_DIRECT_OBJC_ISA_USAGE = YES_ERROR;
				CLANG_WARN_DOCUMENTATION_COMMENTS = YES;
				CLANG_WARN_EMPTY_BODY = YES;
				CLANG_WARN_ENUM_CONVERSION = YES;
				CLANG_WARN_INFINITE_RECURSION = YES;
				CLANG_WARN_INT_CONVERSION = YES;
				CLANG_WARN_NON_LITERAL_NULL_CONVERSION = YES;
				CLANG_WARN_OBJC_LITERAL_CONVERSION = YES;
				CLANG_WARN_OBJC_ROOT_CLASS = YES_ERROR;
				CLANG_WARN_RANGE_LOOP_ANALYSIS = YES;
				CLANG_WARN_STRICT_PROTOTYPES = YES;
				CLANG_WARN_SUSPICIOUS_MOVE = YES;
				CLANG_WARN_UNGUARDED_AVAILABILITY = YES_AGGRESSIVE;
				CLANG_WARN_UNREACHABLE_CODE = YES;
				CLANG_WARN__DUPLICATE_METHOD_MATCH = YES;
				CODE_SIGN_IDENTITY = "iPhone Developer";
				COPY_PHASE_STRIP = NO;
				DEBUG_INFORMATION_FORMAT = "dwarf-with-dsym";
				ENABLE_NS_ASSERTIONS = NO;
				ENABLE_STRICT_OBJC_MSGSEND = YES;
				GCC_C_LANGUAGE_STANDARD = gnu11;
				GCC_NO_COMMON_BLOCKS = YES;
				GCC_WARN_64_TO_32_BIT_CONVERSION = YES;
				GCC_WARN_ABOUT_RETURN_TYPE = YES_ERROR;
				GCC_WARN_UNDECLARED_SELECTOR = YES;
				GCC_WARN_UNINITIALIZED_AUTOS = YES_AGGRESSIVE;
				GCC_WARN_UNUSED_FUNCTION = YES;
				GCC_WARN_UNUSED_VARIABLE = YES;
				IPHONEOS_DEPLOYMENT_TARGET = 11.2;
				MTL_ENABLE_DEBUG_INFO = NO;
				SDKROOT = iphoneos;
				SWIFT_OPTIMIZATION_LEVEL = "-Owholemodule";
				VALIDATE_PRODUCT = YES;
			};
			name = Release;
		};
		4EA8EAAB20889A8D00C59E74 /* Debug */ = {
			isa = XCBuildConfiguration;
			buildSettings = {
				ASSETCATALOG_COMPILER_APPICON_NAME = AppIcon;
				CODE_SIGN_STYLE = Automatic;
				INFOPLIST_FILE = UIPickerView/Info.plist;
				LD_RUNPATH_SEARCH_PATHS = "$(inherited) @executable_path/Frameworks";
				PRODUCT_BUNDLE_IDENTIFIER = dit4.UIPickerView;
				PRODUCT_NAME = "$(TARGET_NAME)";
				SWIFT_VERSION = 4.0;
				TARGETED_DEVICE_FAMILY = "1,2";
			};
			name = Debug;
		};
		4EA8EAAC20889A8D00C59E74 /* Release */ = {
			isa = XCBuildConfiguration;
			buildSettings = {
				ASSETCATALOG_COMPILER_APPICON_NAME = AppIcon;
				CODE_SIGN_STYLE = Automatic;
				INFOPLIST_FILE = UIPickerView/Info.plist;
				LD_RUNPATH_SEARCH_PATHS = "$(inherited) @executable_path/Frameworks";
				PRODUCT_BUNDLE_IDENTIFIER = dit4.UIPickerView;
				PRODUCT_NAME = "$(TARGET_NAME)";
				SWIFT_VERSION = 4.0;
				TARGETED_DEVICE_FAMILY = "1,2";
			};
			name = Release;
		};
		4EA8EAAE20889A8D00C59E74 /* Debug */ = {
			isa = XCBuildConfiguration;
			buildSettings = {
				ALWAYS_EMBED_SWIFT_STANDARD_LIBRARIES = YES;
				BUNDLE_LOADER = "$(TEST_HOST)";
				CODE_SIGN_STYLE = Automatic;
				INFOPLIST_FILE = UIPickerViewTests/Info.plist;
				LD_RUNPATH_SEARCH_PATHS = "$(inherited) @executable_path/Frameworks @loader_path/Frameworks";
				PRODUCT_BUNDLE_IDENTIFIER = dit4.UIPickerViewTests;
				PRODUCT_NAME = "$(TARGET_NAME)";
				SWIFT_VERSION = 4.0;
				TARGETED_DEVICE_FAMILY = "1,2";
				TEST_HOST = "$(BUILT_PRODUCTS_DIR)/UIPickerView.app/UIPickerView";
			};
			name = Debug;
		};
		4EA8EAAF20889A8D00C59E74 /* Release */ = {
			isa = XCBuildConfiguration;
			buildSettings = {
				ALWAYS_EMBED_SWIFT_STANDARD_LIBRARIES = YES;
				BUNDLE_LOADER = "$(TEST_HOST)";
				CODE_SIGN_STYLE = Automatic;
				INFOPLIST_FILE = UIPickerViewTests/Info.plist;
				LD_RUNPATH_SEARCH_PATHS = "$(inherited) @executable_path/Frameworks @loader_path/Frameworks";
				PRODUCT_BUNDLE_IDENTIFIER = dit4.UIPickerViewTests;
				PRODUCT_NAME = "$(TARGET_NAME)";
				SWIFT_VERSION = 4.0;
				TARGETED_DEVICE_FAMILY = "1,2";
				TEST_HOST = "$(BUILT_PRODUCTS_DIR)/UIPickerView.app/UIPickerView";
			};
			name = Release;
		};
		4EA8EAB120889A8D00C59E74 /* Debug */ = {
			isa = XCBuildConfiguration;
			buildSettings = {
				ALWAYS_EMBED_SWIFT_STANDARD_LIBRARIES = YES;
				CODE_SIGN_STYLE = Automatic;
				INFOPLIST_FILE = UIPickerViewUITests/Info.plist;
				LD_RUNPATH_SEARCH_PATHS = "$(inherited) @executable_path/Frameworks @loader_path/Frameworks";
				PRODUCT_BUNDLE_IDENTIFIER = dit4.UIPickerViewUITests;
				PRODUCT_NAME = "$(TARGET_NAME)";
				SWIFT_VERSION = 4.0;
				TARGETED_DEVICE_FAMILY = "1,2";
				TEST_TARGET_NAME = UIPickerView;
			};
			name = Debug;
		};
		4EA8EAB220889A8D00C59E74 /* Release */ = {
			isa = XCBuildConfiguration;
			buildSettings = {
				ALWAYS_EMBED_SWIFT_STANDARD_LIBRARIES = YES;
				CODE_SIGN_STYLE = Automatic;
				INFOPLIST_FILE = UIPickerViewUITests/Info.plist;
				LD_RUNPATH_SEARCH_PATHS = "$(inherited) @executable_path/Frameworks @loader_path/Frameworks";
				PRODUCT_BUNDLE_IDENTIFIER = dit4.UIPickerViewUITests;
				PRODUCT_NAME = "$(TARGET_NAME)";
				SWIFT_VERSION = 4.0;
				TARGETED_DEVICE_FAMILY = "1,2";
				TEST_TARGET_NAME = UIPickerView;
			};
			name = Release;
		};
/* End XCBuildConfiguration section */

/* Begin XCConfigurationList section */
		4EA8EA7A20889A8D00C59E74 /* Build configuration list for PBXProject "UIPickerView" */ = {
			isa = XCConfigurationList;
			buildConfigurations = (
				4EA8EAA820889A8D00C59E74 /* Debug */,
				4EA8EAA920889A8D00C59E74 /* Release */,
			);
			defaultConfigurationIsVisible = 0;
			defaultConfigurationName = Release;
		};
		4EA8EAAA20889A8D00C59E74 /* Build configuration list for PBXNativeTarget "UIPickerView" */ = {
			isa = XCConfigurationList;
			buildConfigurations = (
				4EA8EAAB20889A8D00C59E74 /* Debug */,
				4EA8EAAC20889A8D00C59E74 /* Release */,
			);
			defaultConfigurationIsVisible = 0;
			defaultConfigurationName = Release;
		};
		4EA8EAAD20889A8D00C59E74 /* Build configuration list for PBXNativeTarget "UIPickerViewTests" */ = {
			isa = XCConfigurationList;
			buildConfigurations = (
				4EA8EAAE20889A8D00C59E74 /* Debug */,
				4EA8EAAF20889A8D00C59E74 /* Release */,
			);
			defaultConfigurationIsVisible = 0;
			defaultConfigurationName = Release;
		};
		4EA8EAB020889A8D00C59E74 /* Build configuration list for PBXNativeTarget "UIPickerViewUITests" */ = {
			isa = XCConfigurationList;
			buildConfigurations = (
				4EA8EAB120889A8D00C59E74 /* Debug */,
				4EA8EAB220889A8D00C59E74 /* Release */,
			);
			defaultConfigurationIsVisible = 0;
			defaultConfigurationName = Release;
		};
/* End XCConfigurationList section */

/* Begin XCVersionGroup section */
		4EA8EA8920889A8D00C59E74 /* UIPickerView.xcdatamodeld */ = {
			isa = XCVersionGroup;
			children = (
				4EA8EA8A20889A8D00C59E74 /* UIPickerView.xcdatamodel */,
			);
			currentVersion = 4EA8EA8A20889A8D00C59E74 /* UIPickerView.xcdatamodel */;
			path = UIPickerView.xcdatamodeld;
			sourceTree = "<group>";
			versionGroupType = wrapper.xcdatamodel;
		};
/* End XCVersionGroup section */
	};
	rootObject = 4EA8EA7720889A8D00C59E74 /* Project object */;
}
